{
  "name": "@ligneous/album-generated-queries",
  "version": "0.0.0",
  "lockfileVersion": 3,
  "requires": true,
  "packages": {
    "": {
      "name": "@ligneous/album-generated-queries",
      "version": "0.0.0",
      "dependencies": {
        "@ligneous/album-view": "file:../ligneous-album-view",
        "@ligneous/prisma": "file:../ligneous-prisma"
      }
    },
    "../ligneous-album-view": {
      "name": "@ligneous/album-view",
      "version": "0.0.0"
    },
    "../ligneous-prisma": {
      "name": "@ligneous/prisma",
      "version": "0.0.0",
      "hasInstallScript": true,
      "dependencies": {
        "@prisma/client": "^7.3.0"
      },
      "devDependencies": {
        "dotenv": "^17.2.3",
        "prisma": "^7.3.0"
      }
    },
    "node_modules/@ligneous/album-view": {
      "resolved": "../ligneous-album-view",
      "link": true
    },
    "node_modules/@ligneous/prisma": {
      "resolved": "../ligneous-prisma",
      "link": true
    }
  }
}
